{
  "requires": true,
  "lockfileVersion": 1,
  "dependencies": {
    "@babel/parser": {
      "version": "7.22.6",
      "resolved": "https://registry.npmjs.org/@babel/parser/-/parser-7.22.6.tgz",
      "integrity": "sha512-EIQu22vNkceq3LbjAq7knDf/UmtI2qbcNI8GRBlijez6TpQLvSodJPYfydQmNA5buwkxxxa/PVI44jjYZ+/cLw=="
    },
    "@jridgewell/sourcemap-codec": {
      "version": "1.4.15",
      "resolved": "https://registry.npmjs.org/@jridgewell/sourcemap-codec/-/sourcemap-codec-1.4.15.tgz",
      "integrity": "sha512-eF2rxCRulEKXHTRiDrDy6erMYWqNw4LPdQ8UQA4huuxaQsVeRPFl2oM8oDGxMFhJUWZf9McpLtJasDDZb/Bpeg=="
    },
    "@vue/compiler-core": {
      "version": "3.3.4",
      "resolved": "https://registry.npmjs.org/@vue/compiler-core/-/compiler-core-3.3.4.tgz",
      "integrity": "sha512-cquyDNvZ6jTbf/+x+AgM2Arrp6G4Dzbb0R64jiG804HRMfRiFXWI6kqUVqZ6ZR0bQhIoQjB4+2bhNtVwndW15g==",
      "requires": {
        "@babel/parser": "^7.21.3",
        "@vue/shared": "3.3.4",
        "estree-walker": "^2.0.2",
        "source-map-js": "^1.0.2"
      }
    },
    "@vue/compiler-dom": {
      "version": "3.3.4",
      "resolved": "https://registry.npmjs.org/@vue/compiler-dom/-/compiler-dom-3.3.4.tgz",
      "integrity": "sha512-wyM+OjOVpuUukIq6p5+nwHYtj9cFroz9cwkfmP9O1nzH68BenTTv0u7/ndggT8cIQlnBeOo6sUT/gvHcIkLA5w==",
      "requires": {
        "@vue/compiler-core": "3.3.4",
        "@vue/shared": "3.3.4"
      }
    },
    "@vue/compiler-sfc": {
      "version": "3.3.4",
      "resolved": "https://registry.npmjs.org/@vue/compiler-sfc/-/compiler-sfc-3.3.4.tgz",
      "integrity": "sha512-6y/d8uw+5TkCuzBkgLS0v3lSM3hJDntFEiUORM11pQ/hKvkhSKZrXW6i69UyXlJQisJxuUEJKAWEqWbWsLeNKQ==",
      "requires": {
        "@babel/parser": "^7.20.15",
        "@vue/compiler-core": "3.3.4",
        "@vue/compiler-dom": "3.3.4",
        "@vue/compiler-ssr": "3.3.4",
        "@vue/reactivity-transform": "3.3.4",
        "@vue/shared": "3.3.4",
        "estree-walker": "^2.0.2",
        "magic-string": "^0.30.0",
        "postcss": "^8.1.10",
        "source-map-js": "^1.0.2"
      }
    },
    "@vue/compiler-ssr": {
      "version": "3.3.4",
      "resolved": "https://registry.npmjs.org/@vue/compiler-ssr/-/compiler-ssr-3.3.4.tgz",
      "integrity": "sha512-m0v6oKpup2nMSehwA6Uuu+j+wEwcy7QmwMkVNVfrV9P2qE5KshC6RwOCq8fjGS/Eak/uNb8AaWekfiXxbBB6gQ==",
      "requires": {
        "@vue/compiler-dom": "3.3.4",
        "@vue/shared": "3.3.4"
      }
    },
    "@vue/reactivity": {
      "version": "3.3.4",
      "resolved": "https://registry.npmjs.org/@vue/reactivity/-/reactivity-3.3.4.tgz",
      "integrity": "sha512-kLTDLwd0B1jG08NBF3R5rqULtv/f8x3rOFByTDz4J53ttIQEDmALqKqXY0J+XQeN0aV2FBxY8nJDf88yvOPAqQ==",
      "requires": {
        "@vue/shared": "3.3.4"
      }
    },
    "@vue/reactivity-transform": {
      "version": "3.3.4",
      "resolved": "https://registry.npmjs.org/@vue/reactivity-transform/-/reactivity-transform-3.3.4.tgz",
      "integrity": "sha512-MXgwjako4nu5WFLAjpBnCj/ieqcjE2aJBINUNQzkZQfzIZA4xn+0fV1tIYBJvvva3N3OvKGofRLvQIwEQPpaXw==",
      "requires": {
        "@babel/parser": "^7.20.15",
        "@vue/compiler-core": "3.3.4",
        "@vue/shared": "3.3.4",
        "estree-walker": "^2.0.2",
        "magic-string": "^0.30.0"
      }
    },
    "@vue/runtime-core": {
      "version": "3.3.4",
      "resolved": "https://registry.npmjs.org/@vue/runtime-core/-/runtime-core-3.3.4.tgz",
      "integrity": "sha512-R+bqxMN6pWO7zGI4OMlmvePOdP2c93GsHFM/siJI7O2nxFRzj55pLwkpCedEY+bTMgp5miZ8CxfIZo3S+gFqvA==",
      "requires": {
        "@vue/reactivity": "3.3.4",
        "@vue/shared": "3.3.4"
      }
    },
    "@vue/runtime-dom": {
      "version": "3.3.4",
      "resolved": "https://registry.npmjs.org/@vue/runtime-dom/-/runtime-dom-3.3.4.tgz",
      "integrity": "sha512-Aj5bTJ3u5sFsUckRghsNjVTtxZQ1OyMWCr5dZRAPijF/0Vy4xEoRCwLyHXcj4D0UFbJ4lbx3gPTgg06K/GnPnQ==",
      "requires": {
        "@vue/runtime-core": "3.3.4",
        "@vue/shared": "3.3.4",
        "csstype": "^3.1.1"
      }
    },
    "@vue/server-renderer": {
      "version": "3.3.4",
      "resolved": "https://registry.npmjs.org/@vue/server-renderer/-/server-renderer-3.3.4.tgz",
      "integrity": "sha512-Q6jDDzR23ViIb67v+vM1Dqntu+HUexQcsWKhhQa4ARVzxOY2HbC7QRW/ggkDBd5BU+uM1sV6XOAP0b216o34JQ==",
      "requires": {
        "@vue/compiler-ssr": "3.3.4",
        "@vue/shared": "3.3.4"
      }
    },
    "@vue/shared": {
      "version": "3.3.4",
      "resolved": "https://registry.npmjs.org/@vue/shared/-/shared-3.3.4.tgz",
      "integrity": "sha512-7OjdcV8vQ74eiz1TZLzZP4JwqM5fA94K6yntPS5Z25r9HDuGNzaGdgvwKYq6S+MxwF0TFRwe50fIR/MYnakdkQ=="
    },
    "acorn": {
      "version": "5.7.4",
      "resolved": "https://registry.npmjs.org/acorn/-/acorn-5.7.4.tgz",
      "integrity": "sha512-1D++VG7BhrtvQpNbBzovKNc1FLGGEE/oGe7b9xJm/RFHMBeUaUGpluV9RLjZa47YFdPcDAenEYuq9pQPcMdLJg=="
    },
    "amdefine": {
      "version": "1.0.1",
      "resolved": "https://registry.npmjs.org/amdefine/-/amdefine-1.0.1.tgz",
      "integrity": "sha512-S2Hw0TtNkMJhIabBwIojKL9YHO5T0n5eNqWJ7Lrlel/zDbftQpxpapi8tZs3X1HWa+u+QeydGmzzNU0m09+Rcg=="
    },
    "ast-types": {
      "version": "0.9.6",
      "resolved": "https://registry.npmjs.org/ast-types/-/ast-types-0.9.6.tgz",
      "integrity": "sha512-qEdtR2UH78yyHX/AUNfXmJTlM48XoFZKBdwi1nzkI1mJL21cmbu0cvjxjpkXJ5NENMq42H+hNs8VLJcqXLerBQ=="
    },
    "balanced-match": {
      "version": "1.0.2",
      "resolved": "https://registry.npmjs.org/balanced-match/-/balanced-match-1.0.2.tgz",
      "integrity": "sha512-3oSeUO0TMV67hN1AmbXsK4yaqU7tjiHlbxRDZOpH0KW9+CeX4bRAaX0Anxt0tx2MrpRpWwQaPwIlISEJhYU5Pw=="
    },
    "base62": {
      "version": "1.2.8",
      "resolved": "https://registry.npmjs.org/base62/-/base62-1.2.8.tgz",
      "integrity": "sha512-V6YHUbjLxN1ymqNLb1DPHoU1CpfdL7d2YTIp5W3U4hhoG4hhxNmsFDs66M9EXxBiSEke5Bt5dwdfMwwZF70iLA=="
    },
    "brace-expansion": {
      "version": "1.1.11",
      "resolved": "https://registry.npmjs.org/brace-expansion/-/brace-expansion-1.1.11.tgz",
      "integrity": "sha512-iCuPHDFgrHX7H2vEI/5xpz07zSHB00TpugqhmYtVmMO6518mCuRMoOYFldEBl0g187ufozdaHgWKcYFb61qGiA==",
      "requires": {
        "balanced-match": "^1.0.0",
        "concat-map": "0.0.1"
      }
    },
    "commander": {
      "version": "2.20.3",
      "resolved": "https://registry.npmjs.org/commander/-/commander-2.20.3.tgz",
      "integrity": "sha512-GpVkmM8vF2vQUkj2LvZmD35JxeJOLCwJ9cUkugyk2nuhbv3+mJvpLYYt+0+USMxE+oj+ey/lJEnhZw75x/OMcQ=="
    },
    "commoner": {
      "version": "0.10.8",
      "resolved": "https://registry.npmjs.org/commoner/-/commoner-0.10.8.tgz",
      "integrity": "sha512-3/qHkNMM6o/KGXHITA14y78PcfmXh4+AOCJpSoF73h4VY1JpdGv3CHMS5+JW6SwLhfJt4RhNmLAa7+RRX/62EQ==",
      "requires": {
        "commander": "^2.5.0",
        "detective": "^4.3.1",
        "glob": "^5.0.15",
        "graceful-fs": "^4.1.2",
        "iconv-lite": "^0.4.5",
        "mkdirp": "^0.5.0",
        "private": "^0.1.6",
        "q": "^1.1.2",
        "recast": "^0.11.17"
      }
    },
    "concat-map": {
      "version": "0.0.1",
      "resolved": "https://registry.npmjs.org/concat-map/-/concat-map-0.0.1.tgz",
      "integrity": "sha512-/Srv4dswyQNBfohGpz9o6Yb3Gz3SrUDqBH5rTuhGR7ahtlbYKnVxw2bCFMRljaA7EXHaXZ8wsHdodFvbkhKmqg=="
    },
    "csstype": {
      "version": "3.1.2",
      "resolved": "https://registry.npmjs.org/csstype/-/csstype-3.1.2.tgz",
      "integrity": "sha512-I7K1Uu0MBPzaFKg4nI5Q7Vs2t+3gWWW648spaF+Rg7pI9ds18Ugn+lvg4SHczUdKlHI5LWBXyqfS8+DufyBsgQ=="
    },
    "defined": {
      "version": "1.0.1",
      "resolved": "https://registry.npmjs.org/defined/-/defined-1.0.1.tgz",
      "integrity": "sha512-hsBd2qSVCRE+5PmNdHt1uzyrFu5d3RwmFDKzyNZMFq/EwDNJF7Ee5+D5oEKF0hU6LhtoUF1macFvOe4AskQC1Q=="
    },
    "detective": {
      "version": "4.7.1",
      "resolved": "https://registry.npmjs.org/detective/-/detective-4.7.1.tgz",
      "integrity": "sha512-H6PmeeUcZloWtdt4DAkFyzFL94arpHr3NOwwmVILFiy+9Qd4JTxxXrzfyGk/lmct2qVGBwTSwSXagqu2BxmWig==",
      "requires": {
        "acorn": "^5.2.1",
        "defined": "^1.0.0"
      }
    },
    "envify": {
      "version": "3.4.1",
      "resolved": "https://registry.npmjs.org/envify/-/envify-3.4.1.tgz",
      "integrity": "sha512-XLiBFsLtNF0MOZl+vWU59yPb3C2JtrQY2CNJn22KH75zPlHWY5ChcAQuf4knJeWT/lLkrx3sqvhP/J349bt4Bw==",
      "requires": {
        "jstransform": "^11.0.3",
        "through": "~2.3.4"
      }
    },
    "esprima-fb": {
      "version": "15001.1.0-dev-harmony-fb",
      "resolved": "https://registry.npmjs.org/esprima-fb/-/esprima-fb-15001.1.0-dev-harmony-fb.tgz",
      "integrity": "sha512-59dDGQo2b3M/JfKIws0/z8dcXH2mnVHkfSPRhCYS91JNGfGNwr7GsSF6qzWZuOGvw5Ii0w9TtylrX07MGmlOoQ=="
    },
    "estree-walker": {
      "version": "2.0.2",
      "resolved": "https://registry.npmjs.org/estree-walker/-/estree-walker-2.0.2.tgz",
      "integrity": "sha512-Rfkk/Mp/DL7JVje3u18FxFujQlTNR2q6QfMSMB7AvCBx91NGj/ba3kCfza0f6dVDbw7YlRf/nDrn7pQrCCyQ/w=="
    },
    "glob": {
      "version": "5.0.15",
      "resolved": "https://registry.npmjs.org/glob/-/glob-5.0.15.tgz",
      "integrity": "sha512-c9IPMazfRITpmAAKi22dK1VKxGDX9ehhqfABDriL/lzO92xcUKEJPQHrVA/2YHSNFB4iFlykVmWvwo48nr3OxA==",
      "requires": {
        "inflight": "^1.0.4",
        "inherits": "2",
        "minimatch": "2 || 3",
        "once": "^1.3.0",
        "path-is-absolute": "^1.0.0"
      }
    },
    "graceful-fs": {
      "version": "4.2.11",
      "resolved": "https://registry.npmjs.org/graceful-fs/-/graceful-fs-4.2.11.tgz",
      "integrity": "sha512-RbJ5/jmFcNNCcDV5o9eTnBLJ/HszWV0P73bc+Ff4nS/rJj+YaS6IGyiOL0VoBYX+l1Wrl3k63h/KrH+nhJ0XvQ=="
    },
    "iconv-lite": {
      "version": "0.4.24",
      "resolved": "https://registry.npmjs.org/iconv-lite/-/iconv-lite-0.4.24.tgz",
      "integrity": "sha512-v3MXnZAcvnywkTUEZomIActle7RXXeedOR31wwl7VlyoXO4Qi9arvSenNQWne1TcRwhCL1HwLI21bEqdpj8/rA==",
      "requires": {
        "safer-buffer": ">= 2.1.2 < 3"
      }
    },
    "inflight": {
      "version": "1.0.6",
      "resolved": "https://registry.npmjs.org/inflight/-/inflight-1.0.6.tgz",
      "integrity": "sha512-k92I/b08q4wvFscXCLvqfsHCrjrF7yiXsQuIVvVE7N82W3+aqpzuUdBbfhWcy/FZR3/4IgflMgKLOsvPDrGCJA==",
      "requires": {
        "once": "^1.3.0",
        "wrappy": "1"
      }
    },
    "inherits": {
      "version": "2.0.4",
      "resolved": "https://registry.npmjs.org/inherits/-/inherits-2.0.4.tgz",
      "integrity": "sha512-k/vGaX4/Yla3WzyMCvTQOXYeIHvqOKtnqBduzTHpzpQZzAskKMhZ2K+EnBiSM9zGSoIFeMpXKxa4dYeZIQqewQ=="
    },
    "jstransform": {
      "version": "11.0.3",
      "resolved": "https://registry.npmjs.org/jstransform/-/jstransform-11.0.3.tgz",
      "integrity": "sha512-LGm87w0A8E92RrcXt94PnNHkFqHmgDy3mKHvNZOG7QepKCTCH/VB6S+IEN+bT4uLN3gVpOT0vvOOVd96osG71g==",
      "requires": {
        "base62": "^1.1.0",
        "commoner": "^0.10.1",
        "esprima-fb": "^15001.1.0-dev-harmony-fb",
        "object-assign": "^2.0.0",
        "source-map": "^0.4.2"
      }
    },
    "magic-string": {
      "version": "0.30.1",
      "resolved": "https://registry.npmjs.org/magic-string/-/magic-string-0.30.1.tgz",
      "integrity": "sha512-mbVKXPmS0z0G4XqFDCTllmDQ6coZzn94aMlb0o/A4HEHJCKcanlDZwYJgwnkmgD3jyWhUgj9VsPrfd972yPffA==",
      "requires": {
        "@jridgewell/sourcemap-codec": "^1.4.15"
      }
    },
    "minimatch": {
      "version": "3.1.2",
      "resolved": "https://registry.npmjs.org/minimatch/-/minimatch-3.1.2.tgz",
      "integrity": "sha512-J7p63hRiAjw1NDEww1W7i37+ByIrOWO5XQQAzZ3VOcL0PNybwpfmV/N05zFAzwQ9USyEcX6t3UO+K5aqBQOIHw==",
      "requires": {
        "brace-expansion": "^1.1.7"
      }
    },
    "minimist": {
      "version": "1.2.8",
      "resolved": "https://registry.npmjs.org/minimist/-/minimist-1.2.8.tgz",
      "integrity": "sha512-2yyAR8qBkN3YuheJanUpWC5U3bb5osDywNB8RzDVlDwDHbocAJveqqj1u8+SVD7jkWT4yvsHCpWqqWqAxb0zCA=="
    },
    "mkdirp": {
      "version": "0.5.6",
      "resolved": "https://registry.npmjs.org/mkdirp/-/mkdirp-0.5.6.tgz",
      "integrity": "sha512-FP+p8RB8OWpF3YZBCrP5gtADmtXApB5AMLn+vdyA+PyxCjrCs00mjyUozssO33cwDeT3wNGdLxJ5M//YqtHAJw==",
      "requires": {
        "minimist": "^1.2.6"
      }
    },
    "nanoid": {
      "version": "3.3.6",
      "resolved": "https://registry.npmjs.org/nanoid/-/nanoid-3.3.6.tgz",
      "integrity": "sha512-BGcqMMJuToF7i1rt+2PWSNVnWIkGCU78jBG3RxO/bZlnZPK2Cmi2QaffxGO/2RvWi9sL+FAiRiXMgsyxQ1DIDA=="
    },
    "object-assign": {
      "version": "2.1.1",
      "resolved": "https://registry.npmjs.org/object-assign/-/object-assign-2.1.1.tgz",
      "integrity": "sha512-CdsOUYIh5wIiozhJ3rLQgmUTgcyzFwZZrqhkKhODMoGtPKM+wt0h0CNIoauJWMsS9822EdzPsF/6mb4nLvPN5g=="
    },
    "once": {
      "version": "1.4.0",
      "resolved": "https://registry.npmjs.org/once/-/once-1.4.0.tgz",
      "integrity": "sha512-lNaJgI+2Q5URQBkccEKHTQOPaXdUxnZZElQTZY0MFUAuaEqe1E+Nyvgdz/aIyNi6Z9MzO5dv1H8n58/GELp3+w==",
      "requires": {
        "wrappy": "1"
      }
    },
    "path-is-absolute": {
      "version": "1.0.1",
      "resolved": "https://registry.npmjs.org/path-is-absolute/-/path-is-absolute-1.0.1.tgz",
      "integrity": "sha512-AVbw3UJ2e9bq64vSaS9Am0fje1Pa8pbGqTTsmXfaIiMpnr5DlDhfJOuLj9Sf95ZPVDAUerDfEk88MPmPe7UCQg=="
    },
    "picocolors": {
      "version": "1.0.0",
      "resolved": "https://registry.npmjs.org/picocolors/-/picocolors-1.0.0.tgz",
      "integrity": "sha512-1fygroTLlHu66zi26VoTDv8yRgm0Fccecssto+MhsZ0D/DGW2sm8E8AjW7NU5VVTRt5GxbeZ5qBuJr+HyLYkjQ=="
    },
    "postcss": {
      "version": "8.4.24",
      "resolved": "https://registry.npmjs.org/postcss/-/postcss-8.4.24.tgz",
      "integrity": "sha512-M0RzbcI0sO/XJNucsGjvWU9ERWxb/ytp1w6dKtxTKgixdtQDq4rmx/g8W1hnaheq9jgwL/oyEdH5Bc4WwJKMqg==",
      "requires": {
        "nanoid": "^3.3.6",
        "picocolors": "^1.0.0",
        "source-map-js": "^1.0.2"
      }
    },
    "private": {
      "version": "0.1.8",
      "resolved": "https://registry.npmjs.org/private/-/private-0.1.8.tgz",
      "integrity": "sha512-VvivMrbvd2nKkiG38qjULzlc+4Vx4wm/whI9pQD35YrARNnhxeiRktSOhSukRLFNlzg6Br/cJPet5J/u19r/mg=="
    },
    "q": {
      "version": "1.5.1",
      "resolved": "https://registry.npmjs.org/q/-/q-1.5.1.tgz",
      "integrity": "sha512-kV/CThkXo6xyFEZUugw/+pIOywXcDbFYgSct5cT3gqlbkBE1SJdwy6UQoZvodiWF/ckQLZyDE/Bu1M6gVu5lVw=="
    },
    "recast": {
      "version": "0.11.23",
      "resolved": "https://registry.npmjs.org/recast/-/recast-0.11.23.tgz",
      "integrity": "sha512-+nixG+3NugceyR8O1bLU45qs84JgI3+8EauyRZafLgC9XbdAOIVgwV1Pe2da0YzGo62KzWoZwUpVEQf6qNAXWA==",
      "requires": {
        "ast-types": "0.9.6",
        "esprima": "~3.1.0",
        "private": "~0.1.5",
        "source-map": "~0.5.0"
      },
      "dependencies": {
        "esprima": {
          "version": "3.1.3",
          "resolved": "https://registry.npmjs.org/esprima/-/esprima-3.1.3.tgz",
          "integrity": "sha512-AWwVMNxwhN8+NIPQzAQZCm7RkLC4RbM3B1OobMuyp3i+w73X57KCKaVIxaRZb+DYCojq7rspo+fmuQfAboyhFg=="
        },
        "source-map": {
          "version": "0.5.7",
          "resolved": "https://registry.npmjs.org/source-map/-/source-map-0.5.7.tgz",
          "integrity": "sha512-LbrmJOMUSdEVxIKvdcJzQC+nQhe8FUZQTXQy6+I75skNgn3OoQ0DZA8YnFa7gp8tqtL3KPf1kmo0R5DoApeSGQ=="
        }
      }
    },
    "safer-buffer": {
      "version": "2.1.2",
      "resolved": "https://registry.npmjs.org/safer-buffer/-/safer-buffer-2.1.2.tgz",
      "integrity": "sha512-YZo3K82SD7Riyi0E1EQPojLz7kpepnSQI9IyPbHHg1XXXevb5dJI7tpyN2ADxGcQbHG7vcyRHk0cbwqcQriUtg=="
    },
    "source-map": {
      "version": "0.4.4",
      "resolved": "https://registry.npmjs.org/source-map/-/source-map-0.4.4.tgz",
      "integrity": "sha512-Y8nIfcb1s/7DcobUz1yOO1GSp7gyL+D9zLHDehT7iRESqGSxjJ448Sg7rvfgsRJCnKLdSl11uGf0s9X80cH0/A==",
      "requires": {
        "amdefine": ">=0.0.4"
      }
    },
    "source-map-js": {
      "version": "1.0.2",
      "resolved": "https://registry.npmjs.org/source-map-js/-/source-map-js-1.0.2.tgz",
      "integrity": "sha512-R0XvVJ9WusLiqTCEiGCmICCMplcCkIwwR11mOSD9CR5u+IXYdiseeEuXCVAjS54zqwkLcPNnmU4OeJ6tUrWhDw=="
    },
    "through": {
      "version": "2.3.8",
      "resolved": "https://registry.npmjs.org/through/-/through-2.3.8.tgz",
      "integrity": "sha512-w89qg7PI8wAdvX60bMDP+bFoD5Dvhm9oLheFp5O4a2QF0cSBGsBX4qZmadPMvVqlLJBBci+WqGGOAPvcDeNSVg=="
    },
    "vue": {
      "version": "1.0.28-csp",
      "resolved": "https://registry.npmjs.org/vue/-/vue-1.0.28-csp.tgz",
      "integrity": "sha512-aQwUv+HwY22xVLKaTmYztNYw2xmlOCy2xTmgHEqnRJM3+ruJSQpLA9+KGVGLyZUp7RBNISLR489FbdohaWZ5GQ==",
      "requires": {
        "envify": "^3.4.0"
      }
    },
    "wrappy": {
      "version": "1.0.2",
      "resolved": "https://registry.npmjs.org/wrappy/-/wrappy-1.0.2.tgz",
      "integrity": "sha512-l4Sp/DRseor9wL6EvV2+TuQn63dMkPjZ/sp9XkghTEbV9KlPS1xUsZ3u7/IQO4wxtcFB4bgpQPRcR3QCvezPcQ=="
    }
  }
}
